
Microsoft Visual Studio Solution File, Format Version 12.00
# Visual Studio 15
VisualStudioVersion = 15.0.27130.2024
MinimumVisualStudioVersion = 10.0.40219.1
Project("{FAE04EC0-301F-11D3-BF4B-00C04F79EFBC}") = "PowerShellRunner.Core", "PowerShellRunner\PowerShellRunner.Core.csproj", "{D2BB367B-1632-466D-B090-9B1F79FF2D55}"
EndProject
Project("{FAE04EC0-301F-11D3-BF4B-00C04F79EFBC}") = "PowerShellRunner.Gui", "PowerShellRunner.Gui\PowerShellRunner.Gui.csproj", "{38928A60-34A9-4B50-8732-B05EDD51D179}"
EndProject
Global
	GlobalSection(SolutionConfigurationPlatforms) = preSolution
		Debug|Any CPU = Debug|Any CPU
		Release|Any CPU = Release|Any CPU
	EndGlobalSection
	GlobalSection(ProjectConfigurationPlatforms) = postSolution
		{D2BB367B-1632-466D-B090-9B1F79FF2D55}.Debug|Any CPU.ActiveCfg = Debug|Any CPU
		{D2BB367B-1632-466D-B090-9B1F79FF2D55}.Debug|Any CPU.Build.0 = Debug|Any CPU
		{D2BB367B-1632-466D-B090-9B1F79FF2D55}.Release|Any CPU.ActiveCfg = Release|Any CPU
		{D2BB367B-1632-466D-B090-9B1F79FF2D55}.Release|Any CPU.Build.0 = Release|Any CPU
		{38928A60-34A9-4B50-8732-B05EDD51D179}.Debug|Any CPU.ActiveCfg = Debug|Any CPU
		{38928A60-34A9-4B50-8732-B05EDD51D179}.Debug|Any CPU.Build.0 = Debug|Any CPU
		{38928A60-34A9-4B50-8732-B05EDD51D179}.Release|Any CPU.ActiveCfg = Release|Any CPU
		{38928A60-34A9-4B50-8732-B05EDD51D179}.Release|Any CPU.Build.0 = Release|Any CPU
	EndGlobalSection
	GlobalSection(SolutionProperties) = preSolution
		HideSolutionNode = FALSE
	EndGlobalSection
	GlobalSection(ExtensibilityGlobals) = postSolution
		SolutionGuid = {FB904658-F70E-4F8E-BE78-BD6F5D6BF0C0}
	EndGlobalSection
EndGlobal
